
Microsoft Visual Studio Solution File, Format Version 12.00
# Visual Studio Version 17
VisualStudioVersion = 17.7.34024.191
MinimumVisualStudioVersion = 10.0.40219.1
Project("{FAE04EC0-301F-11D3-BF4B-00C04F79EFBC}") = "Asd_laba_6", "Asd_laba_6.csproj", "{12D98D66-F603-4FD4-93DA-A27909458A48}"
EndProject
Global
	GlobalSection(SolutionConfigurationPlatforms) = preSolution
		Debug|Any CPU = Debug|Any CPU
		Release|Any CPU = Release|Any CPU
	EndGlobalSection
	GlobalSection(ProjectConfigurationPlatforms) = postSolution
		{12D98D66-F603-4FD4-93DA-A27909458A48}.Debug|Any CPU.ActiveCfg = Debug|Any CPU
		{12D98D66-F603-4FD4-93DA-A27909458A48}.Debug|Any CPU.Build.0 = Debug|Any CPU
		{12D98D66-F603-4FD4-93DA-A27909458A48}.Release|Any CPU.ActiveCfg = Release|Any CPU
		{12D98D66-F603-4FD4-93DA-A27909458A48}.Release|Any CPU.Build.0 = Release|Any CPU
	EndGlobalSection
	GlobalSection(SolutionProperties) = preSolution
		HideSolutionNode = FALSE
	EndGlobalSection
	GlobalSection(ExtensibilityGlobals) = postSolution
		SolutionGuid = {1FC91E0A-A135-4E28-A19E-3B29E3604408}
	EndGlobalSection
EndGlobal
